
Microsoft Visual Studio Solution File, Format Version 12.00
# Visual Studio Version 17
VisualStudioVersion = 17.8.34330.188
MinimumVisualStudioVersion = 10.0.40219.1
Project("{FAE04EC0-301F-11D3-BF4B-00C04F79EFBC}") = "Exercise3Page99", "Exercise3Page99.csproj", "{FCAD2543-93AE-4091-828B-1CDCD0DC1F92}"
EndProject
Global
	GlobalSection(SolutionConfigurationPlatforms) = preSolution
		Debug|Any CPU = Debug|Any CPU
		Release|Any CPU = Release|Any CPU
	EndGlobalSection
	GlobalSection(ProjectConfigurationPlatforms) = postSolution
		{FCAD2543-93AE-4091-828B-1CDCD0DC1F92}.Debug|Any CPU.ActiveCfg = Debug|Any CPU
		{FCAD2543-93AE-4091-828B-1CDCD0DC1F92}.Debug|Any CPU.Build.0 = Debug|Any CPU
		{FCAD2543-93AE-4091-828B-1CDCD0DC1F92}.Release|Any CPU.ActiveCfg = Release|Any CPU
		{FCAD2543-93AE-4091-828B-1CDCD0DC1F92}.Release|Any CPU.Build.0 = Release|Any CPU
	EndGlobalSection
	GlobalSection(SolutionProperties) = preSolution
		HideSolutionNode = FALSE
	EndGlobalSection
	GlobalSection(ExtensibilityGlobals) = postSolution
		SolutionGuid = {4E1F5414-DF46-481E-BE54-2312B898FF18}
	EndGlobalSection
EndGlobal
