
Microsoft Visual Studio Solution File, Format Version 12.00
# Visual Studio Version 17
VisualStudioVersion = 17.8.34330.188
MinimumVisualStudioVersion = 10.0.40219.1
Project("{FAE04EC0-301F-11D3-BF4B-00C04F79EFBC}") = "School", "School.csproj", "{8303D562-236D-4105-9767-15C2221CE7C1}"
EndProject
Project("{FAE04EC0-301F-11D3-BF4B-00C04F79EFBC}") = "School.Tests", "..\School.Tests\School.Tests.csproj", "{4E412901-F1AA-4EEE-AE45-F98C349C60E4}"
EndProject
Global
	GlobalSection(SolutionConfigurationPlatforms) = preSolution
		Debug|Any CPU = Debug|Any CPU
		Release|Any CPU = Release|Any CPU
	EndGlobalSection
	GlobalSection(ProjectConfigurationPlatforms) = postSolution
		{8303D562-236D-4105-9767-15C2221CE7C1}.Debug|Any CPU.ActiveCfg = Debug|Any CPU
		{8303D562-236D-4105-9767-15C2221CE7C1}.Debug|Any CPU.Build.0 = Debug|Any CPU
		{8303D562-236D-4105-9767-15C2221CE7C1}.Release|Any CPU.ActiveCfg = Release|Any CPU
		{8303D562-236D-4105-9767-15C2221CE7C1}.Release|Any CPU.Build.0 = Release|Any CPU
		{4E412901-F1AA-4EEE-AE45-F98C349C60E4}.Debug|Any CPU.ActiveCfg = Debug|Any CPU
		{4E412901-F1AA-4EEE-AE45-F98C349C60E4}.Debug|Any CPU.Build.0 = Debug|Any CPU
		{4E412901-F1AA-4EEE-AE45-F98C349C60E4}.Release|Any CPU.ActiveCfg = Release|Any CPU
		{4E412901-F1AA-4EEE-AE45-F98C349C60E4}.Release|Any CPU.Build.0 = Release|Any CPU
	EndGlobalSection
	GlobalSection(SolutionProperties) = preSolution
		HideSolutionNode = FALSE
	EndGlobalSection
	GlobalSection(ExtensibilityGlobals) = postSolution
		SolutionGuid = {7155D03E-5781-455D-9FAA-B8C818B95A59}
	EndGlobalSection
EndGlobal
