
Microsoft Visual Studio Solution File, Format Version 12.00
# Visual Studio Version 17
VisualStudioVersion = 17.8.34330.188
MinimumVisualStudioVersion = 10.0.40219.1
Project("{9A19103F-16F7-4668-BE54-9A1E7A4F7556}") = "Exercise1Page104", "Exercise1Page104.csproj", "{16E0BCA2-41D1-4401-8350-DDF0EE34F749}"
EndProject
Global
	GlobalSection(SolutionConfigurationPlatforms) = preSolution
		Debug|Any CPU = Debug|Any CPU
		Release|Any CPU = Release|Any CPU
	EndGlobalSection
	GlobalSection(ProjectConfigurationPlatforms) = postSolution
		{16E0BCA2-41D1-4401-8350-DDF0EE34F749}.Debug|Any CPU.ActiveCfg = Debug|Any CPU
		{16E0BCA2-41D1-4401-8350-DDF0EE34F749}.Debug|Any CPU.Build.0 = Debug|Any CPU
		{16E0BCA2-41D1-4401-8350-DDF0EE34F749}.Release|Any CPU.ActiveCfg = Release|Any CPU
		{16E0BCA2-41D1-4401-8350-DDF0EE34F749}.Release|Any CPU.Build.0 = Release|Any CPU
	EndGlobalSection
	GlobalSection(SolutionProperties) = preSolution
		HideSolutionNode = FALSE
	EndGlobalSection
	GlobalSection(ExtensibilityGlobals) = postSolution
		SolutionGuid = {606095E3-92F5-41FF-A187-2F6DF5AAD7E5}
	EndGlobalSection
EndGlobal
