
Microsoft Visual Studio Solution File, Format Version 12.00
# Visual Studio Version 17
VisualStudioVersion = 17.8.34330.188
MinimumVisualStudioVersion = 10.0.40219.1
Project("{FAE04EC0-301F-11D3-BF4B-00C04F79EFBC}") = "Geolocation", "Geolocation.csproj", "{C22B8DAF-3D42-4741-9769-7C49C8F038BD}"
EndProject
Global
	GlobalSection(SolutionConfigurationPlatforms) = preSolution
		Debug|Any CPU = Debug|Any CPU
		Release|Any CPU = Release|Any CPU
	EndGlobalSection
	GlobalSection(ProjectConfigurationPlatforms) = postSolution
		{C22B8DAF-3D42-4741-9769-7C49C8F038BD}.Debug|Any CPU.ActiveCfg = Debug|Any CPU
		{C22B8DAF-3D42-4741-9769-7C49C8F038BD}.Debug|Any CPU.Build.0 = Debug|Any CPU
		{C22B8DAF-3D42-4741-9769-7C49C8F038BD}.Release|Any CPU.ActiveCfg = Release|Any CPU
		{C22B8DAF-3D42-4741-9769-7C49C8F038BD}.Release|Any CPU.Build.0 = Release|Any CPU
	EndGlobalSection
	GlobalSection(SolutionProperties) = preSolution
		HideSolutionNode = FALSE
	EndGlobalSection
	GlobalSection(ExtensibilityGlobals) = postSolution
		SolutionGuid = {E1DB071D-8BFF-4C80-9F8E-B8E2AA7C385D}
	EndGlobalSection
EndGlobal
