
Microsoft Visual Studio Solution File, Format Version 12.00
# Visual Studio Version 17
VisualStudioVersion = 17.8.34330.188
MinimumVisualStudioVersion = 10.0.40219.1
Project("{FAE04EC0-301F-11D3-BF4B-00C04F79EFBC}") = "Exercise2Page93", "Exercise2Page93.csproj", "{7669E669-1FAA-4E80-A04B-E6FEB75BB997}"
EndProject
Global
	GlobalSection(SolutionConfigurationPlatforms) = preSolution
		Debug|Any CPU = Debug|Any CPU
		Release|Any CPU = Release|Any CPU
	EndGlobalSection
	GlobalSection(ProjectConfigurationPlatforms) = postSolution
		{7669E669-1FAA-4E80-A04B-E6FEB75BB997}.Debug|Any CPU.ActiveCfg = Debug|Any CPU
		{7669E669-1FAA-4E80-A04B-E6FEB75BB997}.Debug|Any CPU.Build.0 = Debug|Any CPU
		{7669E669-1FAA-4E80-A04B-E6FEB75BB997}.Release|Any CPU.ActiveCfg = Release|Any CPU
		{7669E669-1FAA-4E80-A04B-E6FEB75BB997}.Release|Any CPU.Build.0 = Release|Any CPU
	EndGlobalSection
	GlobalSection(SolutionProperties) = preSolution
		HideSolutionNode = FALSE
	EndGlobalSection
	GlobalSection(ExtensibilityGlobals) = postSolution
		SolutionGuid = {5E8E8FA5-94B3-423E-B493-B1311E0B53D7}
	EndGlobalSection
EndGlobal
